// !$*UTF8*$!
{
	archiveVersion = 1;
	classes = {
	};
	objectVersion = 46;
	objects = {

/* Begin PBXBuildFile section */
		56440B1318A52AAE006D21E1 /* Foundation.framework in Frameworks */ = {isa = PBXBuildFile; fileRef = 56440B1218A52AAE006D21E1 /* Foundation.framework */; };
		56440B1518A52AAE006D21E1 /* CoreGraphics.framework in Frameworks */ = {isa = PBXBuildFile; fileRef = 56440B1418A52AAE006D21E1 /* CoreGraphics.framework */; };
		56440B1718A52AAE006D21E1 /* UIKit.framework in Frameworks */ = {isa = PBXBuildFile; fileRef = 56440B1618A52AAE006D21E1 /* UIKit.framework */; };
		56440B1D18A52AAE006D21E1 /* InfoPlist.strings in Resources */ = {isa = PBXBuildFile; fileRef = 56440B1B18A52AAE006D21E1 /* InfoPlist.strings */; };
		56440B1F18A52AAE006D21E1 /* main.m in Sources */ = {isa = PBXBuildFile; fileRef = 56440B1E18A52AAE006D21E1 /* main.m */; };
		56440B2318A52AAE006D21E1 /* TMAppDelegate.m in Sources */ = {isa = PBXBuildFile; fileRef = 56440B2218A52AAE006D21E1 /* TMAppDelegate.m */; };
		56440B2518A52AAE006D21E1 /* Images.xcassets in Resources */ = {isa = PBXBuildFile; fileRef = 56440B2418A52AAE006D21E1 /* Images.xcassets */; };
		56440B2C18A52AAE006D21E1 /* XCTest.framework in Frameworks */ = {isa = PBXBuildFile; fileRef = 56440B2B18A52AAE006D21E1 /* XCTest.framework */; };
		56440B2D18A52AAE006D21E1 /* Foundation.framework in Frameworks */ = {isa = PBXBuildFile; fileRef = 56440B1218A52AAE006D21E1 /* Foundation.framework */; };
		56440B2E18A52AAE006D21E1 /* UIKit.framework in Frameworks */ = {isa = PBXBuildFile; fileRef = 56440B1618A52AAE006D21E1 /* UIKit.framework */; };
		56440B3618A52AAE006D21E1 /* InfoPlist.strings in Resources */ = {isa = PBXBuildFile; fileRef = 56440B3418A52AAE006D21E1 /* InfoPlist.strings */; };
		56440B3818A52AAE006D21E1 /* ImprintTests.m in Sources */ = {isa = PBXBuildFile; fileRef = 56440B3718A52AAE006D21E1 /* ImprintTests.m */; };
		56440B4218A52AC5006D21E1 /* Storyboard.storyboard in Resources */ = {isa = PBXBuildFile; fileRef = 56440B4118A52AC5006D21E1 /* Storyboard.storyboard */; };
		56440B4418A52D68006D21E1 /* friends@2x.png in Resources */ = {isa = PBXBuildFile; fileRef = 56440B4318A52D68006D21E1 /* friends@2x.png */; };
		56440B4618A52D70006D21E1 /* inbox.png in Resources */ = {isa = PBXBuildFile; fileRef = 56440B4518A52D70006D21E1 /* inbox.png */; };
		56440B4818A52D75006D21E1 /* friends.png in Resources */ = {isa = PBXBuildFile; fileRef = 56440B4718A52D75006D21E1 /* friends.png */; };
		56440B4A18A52D79006D21E1 /* inbox@2x.png in Resources */ = {isa = PBXBuildFile; fileRef = 56440B4918A52D79006D21E1 /* inbox@2x.png */; };
		56440B4C18A52D7E006D21E1 /* camera@2x.png in Resources */ = {isa = PBXBuildFile; fileRef = 56440B4B18A52D7E006D21E1 /* camera@2x.png */; };
		56440B4E18A52D8D006D21E1 /* camera.png in Resources */ = {isa = PBXBuildFile; fileRef = 56440B4D18A52D8D006D21E1 /* camera.png */; };
		56440B5218A537EA006D21E1 /* InboxViewController.m in Sources */ = {isa = PBXBuildFile; fileRef = 56440B5118A537EA006D21E1 /* InboxViewController.m */; };
		56440B5E18A53B3A006D21E1 /* AudioToolbox.framework in Frameworks */ = {isa = PBXBuildFile; fileRef = 56440B5518A53B3A006D21E1 /* AudioToolbox.framework */; };
		56440B5F18A53B3A006D21E1 /* CFNetwork.framework in Frameworks */ = {isa = PBXBuildFile; fileRef = 56440B5618A53B3A006D21E1 /* CFNetwork.framework */; };
		56440B6018A53B3A006D21E1 /* CoreLocation.framework in Frameworks */ = {isa = PBXBuildFile; fileRef = 56440B5718A53B3A006D21E1 /* CoreLocation.framework */; };
		56440B6118A53B3A006D21E1 /* libz.1.1.3.dylib in Frameworks */ = {isa = PBXBuildFile; fileRef = 56440B5818A53B3A006D21E1 /* libz.1.1.3.dylib */; };
		56440B6218A53B3A006D21E1 /* MobileCoreServices.framework in Frameworks */ = {isa = PBXBuildFile; fileRef = 56440B5918A53B3A006D21E1 /* MobileCoreServices.framework */; };
		56440B6318A53B3A006D21E1 /* QuartzCore.framework in Frameworks */ = {isa = PBXBuildFile; fileRef = 56440B5A18A53B3A006D21E1 /* QuartzCore.framework */; };
		56440B6418A53B3A006D21E1 /* Security.framework in Frameworks */ = {isa = PBXBuildFile; fileRef = 56440B5B18A53B3A006D21E1 /* Security.framework */; };
		56440B6518A53B3A006D21E1 /* StoreKit.framework in Frameworks */ = {isa = PBXBuildFile; fileRef = 56440B5C18A53B3A006D21E1 /* StoreKit.framework */; };
		56440B6618A53B3A006D21E1 /* SystemConfiguration.framework in Frameworks */ = {isa = PBXBuildFile; fileRef = 56440B5D18A53B3A006D21E1 /* SystemConfiguration.framework */; };
		56440B7618A54939006D21E1 /* Parse.framework in Frameworks */ = {isa = PBXBuildFile; fileRef = 56440B7518A54939006D21E1 /* Parse.framework */; };
		56440B7918A54D7B006D21E1 /* LoginViewController.m in Sources */ = {isa = PBXBuildFile; fileRef = 56440B7818A54D7B006D21E1 /* LoginViewController.m */; };
		56440B7C18A54DC1006D21E1 /* SignUpViewController.m in Sources */ = {isa = PBXBuildFile; fileRef = 56440B7B18A54DC1006D21E1 /* SignUpViewController.m */; };
		5693966F18A6639D001C7E0A /* FacebookSDK.framework in Frameworks */ = {isa = PBXBuildFile; fileRef = 5693966E18A6639D001C7E0A /* FacebookSDK.framework */; };
		5693967218A6EECF001C7E0A /* FriendsViewController.m in Sources */ = {isa = PBXBuildFile; fileRef = 5693967118A6EECF001C7E0A /* FriendsViewController.m */; };
		5693967518A6F105001C7E0A /* EditFriendsViewController.m in Sources */ = {isa = PBXBuildFile; fileRef = 5693967418A6F105001C7E0A /* EditFriendsViewController.m */; };
/* End PBXBuildFile section */

/* Begin PBXContainerItemProxy section */
		56440B2F18A52AAE006D21E1 /* PBXContainerItemProxy */ = {
			isa = PBXContainerItemProxy;
			containerPortal = 56440B0718A52AAE006D21E1 /* Project object */;
			proxyType = 1;
			remoteGlobalIDString = 56440B0E18A52AAE006D21E1;
			remoteInfo = Imprint;
		};
/* End PBXContainerItemProxy section */

/* Begin PBXFileReference section */
		56440B0F18A52AAE006D21E1 /* Imprint.app */ = {isa = PBXFileReference; explicitFileType = wrapper.application; includeInIndex = 0; path = Imprint.app; sourceTree = BUILT_PRODUCTS_DIR; };
		56440B1218A52AAE006D21E1 /* Foundation.framework */ = {isa = PBXFileReference; lastKnownFileType = wrapper.framework; name = Foundation.framework; path = System/Library/Frameworks/Foundation.framework; sourceTree = SDKROOT; };
		56440B1418A52AAE006D21E1 /* CoreGraphics.framework */ = {isa = PBXFileReference; lastKnownFileType = wrapper.framework; name = CoreGraphics.framework; path = System/Library/Frameworks/CoreGraphics.framework; sourceTree = SDKROOT; };
		56440B1618A52AAE006D21E1 /* UIKit.framework */ = {isa = PBXFileReference; lastKnownFileType = wrapper.framework; name = UIKit.framework; path = System/Library/Frameworks/UIKit.framework; sourceTree = SDKROOT; };
		56440B1A18A52AAE006D21E1 /* Imprint-Info.plist */ = {isa = PBXFileReference; lastKnownFileType = text.plist.xml; path = "Imprint-Info.plist"; sourceTree = "<group>"; };
		56440B1C18A52AAE006D21E1 /* en */ = {isa = PBXFileReference; lastKnownFileType = text.plist.strings; name = en; path = en.lproj/InfoPlist.strings; sourceTree = "<group>"; };
		56440B1E18A52AAE006D21E1 /* main.m */ = {isa = PBXFileReference; lastKnownFileType = sourcecode.c.objc; path = main.m; sourceTree = "<group>"; };
		56440B2018A52AAE006D21E1 /* Imprint-Prefix.pch */ = {isa = PBXFileReference; lastKnownFileType = sourcecode.c.h; path = "Imprint-Prefix.pch"; sourceTree = "<group>"; };
		56440B2118A52AAE006D21E1 /* TMAppDelegate.h */ = {isa = PBXFileReference; lastKnownFileType = sourcecode.c.h; path = TMAppDelegate.h; sourceTree = "<group>"; };
		56440B2218A52AAE006D21E1 /* TMAppDelegate.m */ = {isa = PBXFileReference; lastKnownFileType = sourcecode.c.objc; path = TMAppDelegate.m; sourceTree = "<group>"; };
		56440B2418A52AAE006D21E1 /* Images.xcassets */ = {isa = PBXFileReference; lastKnownFileType = folder.assetcatalog; path = Images.xcassets; sourceTree = "<group>"; };
		56440B2A18A52AAE006D21E1 /* ImprintTests.xctest */ = {isa = PBXFileReference; explicitFileType = wrapper.cfbundle; includeInIndex = 0; path = ImprintTests.xctest; sourceTree = BUILT_PRODUCTS_DIR; };
		56440B2B18A52AAE006D21E1 /* XCTest.framework */ = {isa = PBXFileReference; lastKnownFileType = wrapper.framework; name = XCTest.framework; path = Library/Frameworks/XCTest.framework; sourceTree = DEVELOPER_DIR; };
		56440B3318A52AAE006D21E1 /* ImprintTests-Info.plist */ = {isa = PBXFileReference; lastKnownFileType = text.plist.xml; path = "ImprintTests-Info.plist"; sourceTree = "<group>"; };
		56440B3518A52AAE006D21E1 /* en */ = {isa = PBXFileReference; lastKnownFileType = text.plist.strings; name = en; path = en.lproj/InfoPlist.strings; sourceTree = "<group>"; };
		56440B3718A52AAE006D21E1 /* ImprintTests.m */ = {isa = PBXFileReference; lastKnownFileType = sourcecode.c.objc; path = ImprintTests.m; sourceTree = "<group>"; };
		56440B4118A52AC5006D21E1 /* Storyboard.storyboard */ = {isa = PBXFileReference; fileEncoding = 4; lastKnownFileType = file.storyboard; name = Storyboard.storyboard; path = ../Storyboard.storyboard; sourceTree = "<group>"; };
		56440B4318A52D68006D21E1 /* friends@2x.png */ = {isa = PBXFileReference; lastKnownFileType = image.png; path = "friends@2x.png"; sourceTree = "<group>"; };
		56440B4518A52D70006D21E1 /* inbox.png */ = {isa = PBXFileReference; lastKnownFileType = image.png; path = inbox.png; sourceTree = "<group>"; };
		56440B4718A52D75006D21E1 /* friends.png */ = {isa = PBXFileReference; lastKnownFileType = image.png; path = friends.png; sourceTree = "<group>"; };
		56440B4918A52D79006D21E1 /* inbox@2x.png */ = {isa = PBXFileReference; lastKnownFileType = image.png; path = "inbox@2x.png"; sourceTree = "<group>"; };
		56440B4B18A52D7E006D21E1 /* camera@2x.png */ = {isa = PBXFileReference; lastKnownFileType = image.png; path = "camera@2x.png"; sourceTree = "<group>"; };
		56440B4D18A52D8D006D21E1 /* camera.png */ = {isa = PBXFileReference; lastKnownFileType = image.png; path = camera.png; sourceTree = "<group>"; };
		56440B5018A537EA006D21E1 /* InboxViewController.h */ = {isa = PBXFileReference; fileEncoding = 4; lastKnownFileType = sourcecode.c.h; path = InboxViewController.h; sourceTree = "<group>"; wrapsLines = 1; };
		56440B5118A537EA006D21E1 /* InboxViewController.m */ = {isa = PBXFileReference; fileEncoding = 4; lastKnownFileType = sourcecode.c.objc; path = InboxViewController.m; sourceTree = "<group>"; };
		56440B5518A53B3A006D21E1 /* AudioToolbox.framework */ = {isa = PBXFileReference; lastKnownFileType = wrapper.framework; name = AudioToolbox.framework; path = System/Library/Frameworks/AudioToolbox.framework; sourceTree = SDKROOT; };
		56440B5618A53B3A006D21E1 /* CFNetwork.framework */ = {isa = PBXFileReference; lastKnownFileType = wrapper.framework; name = CFNetwork.framework; path = System/Library/Frameworks/CFNetwork.framework; sourceTree = SDKROOT; };
		56440B5718A53B3A006D21E1 /* CoreLocation.framework */ = {isa = PBXFileReference; lastKnownFileType = wrapper.framework; name = CoreLocation.framework; path = System/Library/Frameworks/CoreLocation.framework; sourceTree = SDKROOT; };
		56440B5818A53B3A006D21E1 /* libz.1.1.3.dylib */ = {isa = PBXFileReference; lastKnownFileType = "compiled.mach-o.dylib"; name = libz.1.1.3.dylib; path = usr/lib/libz.1.1.3.dylib; sourceTree = SDKROOT; };
		56440B5918A53B3A006D21E1 /* MobileCoreServices.framework */ = {isa = PBXFileReference; lastKnownFileType = wrapper.framework; name = MobileCoreServices.framework; path = System/Library/Frameworks/MobileCoreServices.framework; sourceTree = SDKROOT; };
		56440B5A18A53B3A006D21E1 /* QuartzCore.framework */ = {isa = PBXFileReference; lastKnownFileType = wrapper.framework; name = QuartzCore.framework; path = System/Library/Frameworks/QuartzCore.framework; sourceTree = SDKROOT; };
		56440B5B18A53B3A006D21E1 /* Security.framework */ = {isa = PBXFileReference; lastKnownFileType = wrapper.framework; name = Security.framework; path = System/Library/Frameworks/Security.framework; sourceTree = SDKROOT; };
		56440B5C18A53B3A006D21E1 /* StoreKit.framework */ = {isa = PBXFileReference; lastKnownFileType = wrapper.framework; name = StoreKit.framework; path = System/Library/Frameworks/StoreKit.framework; sourceTree = SDKROOT; };
		56440B5D18A53B3A006D21E1 /* SystemConfiguration.framework */ = {isa = PBXFileReference; lastKnownFileType = wrapper.framework; name = SystemConfiguration.framework; path = System/Library/Frameworks/SystemConfiguration.framework; sourceTree = SDKROOT; };
		56440B7518A54939006D21E1 /* Parse.framework */ = {isa = PBXFileReference; lastKnownFileType = wrapper.framework; name = Parse.framework; path = ../../Desktop/Parse.framework; sourceTree = "<group>"; };
		56440B7718A54D7B006D21E1 /* LoginViewController.h */ = {isa = PBXFileReference; fileEncoding = 4; lastKnownFileType = sourcecode.c.h; path = LoginViewController.h; sourceTree = "<group>"; };
		56440B7818A54D7B006D21E1 /* LoginViewController.m */ = {isa = PBXFileReference; fileEncoding = 4; lastKnownFileType = sourcecode.c.objc; path = LoginViewController.m; sourceTree = "<group>"; };
		56440B7A18A54DC1006D21E1 /* SignUpViewController.h */ = {isa = PBXFileReference; fileEncoding = 4; lastKnownFileType = sourcecode.c.h; path = SignUpViewController.h; sourceTree = "<group>"; };
		56440B7B18A54DC1006D21E1 /* SignUpViewController.m */ = {isa = PBXFileReference; fileEncoding = 4; lastKnownFileType = sourcecode.c.objc; path = SignUpViewController.m; sourceTree = "<group>"; };
		5693966E18A6639D001C7E0A /* FacebookSDK.framework */ = {isa = PBXFileReference; lastKnownFileType = wrapper.framework; path = FacebookSDK.framework; sourceTree = "<group>"; };
		5693967018A6EECF001C7E0A /* FriendsViewController.h */ = {isa = PBXFileReference; fileEncoding = 4; lastKnownFileType = sourcecode.c.h; path = FriendsViewController.h; sourceTree = "<group>"; };
		5693967118A6EECF001C7E0A /* FriendsViewController.m */ = {isa = PBXFileReference; fileEncoding = 4; lastKnownFileType = sourcecode.c.objc; path = FriendsViewController.m; sourceTree = "<group>"; };
		5693967318A6F105001C7E0A /* EditFriendsViewController.h */ = {isa = PBXFileReference; fileEncoding = 4; lastKnownFileType = sourcecode.c.h; path = EditFriendsViewController.h; sourceTree = "<group>"; };
		5693967418A6F105001C7E0A /* EditFriendsViewController.m */ = {isa = PBXFileReference; fileEncoding = 4; lastKnownFileType = sourcecode.c.objc; path = EditFriendsViewController.m; sourceTree = "<group>"; };
/* End PBXFileReference section */

/* Begin PBXFrameworksBuildPhase section */
		56440B0C18A52AAE006D21E1 /* Frameworks */ = {
			isa = PBXFrameworksBuildPhase;
			buildActionMask = 2147483647;
			files = (
				56440B7618A54939006D21E1 /* Parse.framework in Frameworks */,
				56440B5E18A53B3A006D21E1 /* AudioToolbox.framework in Frameworks */,
				56440B5F18A53B3A006D21E1 /* CFNetwork.framework in Frameworks */,
				56440B6018A53B3A006D21E1 /* CoreLocation.framework in Frameworks */,
				56440B6118A53B3A006D21E1 /* libz.1.1.3.dylib in Frameworks */,
				56440B6218A53B3A006D21E1 /* MobileCoreServices.framework in Frameworks */,
				56440B6318A53B3A006D21E1 /* QuartzCore.framework in Frameworks */,
				56440B6418A53B3A006D21E1 /* Security.framework in Frameworks */,
				56440B6518A53B3A006D21E1 /* StoreKit.framework in Frameworks */,
				56440B6618A53B3A006D21E1 /* SystemConfiguration.framework in Frameworks */,
				56440B1518A52AAE006D21E1 /* CoreGraphics.framework in Frameworks */,
				56440B1718A52AAE006D21E1 /* UIKit.framework in Frameworks */,
				56440B1318A52AAE006D21E1 /* Foundation.framework in Frameworks */,
				5693966F18A6639D001C7E0A /* FacebookSDK.framework in Frameworks */,
			);
			runOnlyForDeploymentPostprocessing = 0;
		};
		56440B2718A52AAE006D21E1 /* Frameworks */ = {
			isa = PBXFrameworksBuildPhase;
			buildActionMask = 2147483647;
			files = (
				56440B2C18A52AAE006D21E1 /* XCTest.framework in Frameworks */,
				56440B2E18A52AAE006D21E1 /* UIKit.framework in Frameworks */,
				56440B2D18A52AAE006D21E1 /* Foundation.framework in Frameworks */,
			);
			runOnlyForDeploymentPostprocessing = 0;
		};
/* End PBXFrameworksBuildPhase section */

/* Begin PBXGroup section */
		56440B0618A52AAE006D21E1 = {
			isa = PBXGroup;
			children = (
				56440B1818A52AAE006D21E1 /* Imprint */,
				56440B3118A52AAE006D21E1 /* ImprintTests */,
				56440B1118A52AAE006D21E1 /* Frameworks */,
				56440B1018A52AAE006D21E1 /* Products */,
			);
			sourceTree = "<group>";
		};
		56440B1018A52AAE006D21E1 /* Products */ = {
			isa = PBXGroup;
			children = (
				56440B0F18A52AAE006D21E1 /* Imprint.app */,
				56440B2A18A52AAE006D21E1 /* ImprintTests.xctest */,
			);
			name = Products;
			sourceTree = "<group>";
		};
		56440B1118A52AAE006D21E1 /* Frameworks */ = {
			isa = PBXGroup;
			children = (
				5693966E18A6639D001C7E0A /* FacebookSDK.framework */,
				56440B7518A54939006D21E1 /* Parse.framework */,
				56440B5518A53B3A006D21E1 /* AudioToolbox.framework */,
				56440B5618A53B3A006D21E1 /* CFNetwork.framework */,
				56440B5718A53B3A006D21E1 /* CoreLocation.framework */,
				56440B5818A53B3A006D21E1 /* libz.1.1.3.dylib */,
				56440B5918A53B3A006D21E1 /* MobileCoreServices.framework */,
				56440B5A18A53B3A006D21E1 /* QuartzCore.framework */,
				56440B5B18A53B3A006D21E1 /* Security.framework */,
				56440B5C18A53B3A006D21E1 /* StoreKit.framework */,
				56440B5D18A53B3A006D21E1 /* SystemConfiguration.framework */,
				56440B1218A52AAE006D21E1 /* Foundation.framework */,
				56440B1418A52AAE006D21E1 /* CoreGraphics.framework */,
				56440B1618A52AAE006D21E1 /* UIKit.framework */,
				56440B2B18A52AAE006D21E1 /* XCTest.framework */,
			);
			name = Frameworks;
			sourceTree = "<group>";
		};
		56440B1818A52AAE006D21E1 /* Imprint */ = {
			isa = PBXGroup;
			children = (
				56440B4F18A53361006D21E1 /* Images */,
				56440B2118A52AAE006D21E1 /* TMAppDelegate.h */,
				56440B4118A52AC5006D21E1 /* Storyboard.storyboard */,
				56440B2218A52AAE006D21E1 /* TMAppDelegate.m */,
				56440B7A18A54DC1006D21E1 /* SignUpViewController.h */,
				56440B7718A54D7B006D21E1 /* LoginViewController.h */,
				56440B5018A537EA006D21E1 /* InboxViewController.h */,
				56440B5118A537EA006D21E1 /* InboxViewController.m */,
				56440B7818A54D7B006D21E1 /* LoginViewController.m */,
				56440B7B18A54DC1006D21E1 /* SignUpViewController.m */,
				5693967018A6EECF001C7E0A /* FriendsViewController.h */,
				5693967118A6EECF001C7E0A /* FriendsViewController.m */,
				5693967318A6F105001C7E0A /* EditFriendsViewController.h */,
				5693967418A6F105001C7E0A /* EditFriendsViewController.m */,
				56440B2418A52AAE006D21E1 /* Images.xcassets */,
				56440B1918A52AAE006D21E1 /* Supporting Files */,
			);
			path = Imprint;
			sourceTree = "<group>";
		};
		56440B1918A52AAE006D21E1 /* Supporting Files */ = {
			isa = PBXGroup;
			children = (
				56440B1A18A52AAE006D21E1 /* Imprint-Info.plist */,
				56440B1B18A52AAE006D21E1 /* InfoPlist.strings */,
				56440B1E18A52AAE006D21E1 /* main.m */,
				56440B2018A52AAE006D21E1 /* Imprint-Prefix.pch */,
			);
			name = "Supporting Files";
			sourceTree = "<group>";
		};
		56440B3118A52AAE006D21E1 /* ImprintTests */ = {
			isa = PBXGroup;
			children = (
				56440B3718A52AAE006D21E1 /* ImprintTests.m */,
				56440B3218A52AAE006D21E1 /* Supporting Files */,
			);
			path = ImprintTests;
			sourceTree = "<group>";
		};
		56440B3218A52AAE006D21E1 /* Supporting Files */ = {
			isa = PBXGroup;
			children = (
				56440B3318A52AAE006D21E1 /* ImprintTests-Info.plist */,
				56440B3418A52AAE006D21E1 /* InfoPlist.strings */,
			);
			name = "Supporting Files";
			sourceTree = "<group>";
		};
		56440B4F18A53361006D21E1 /* Images */ = {
			isa = PBXGroup;
			children = (
				56440B4B18A52D7E006D21E1 /* camera@2x.png */,
				56440B4D18A52D8D006D21E1 /* camera.png */,
				56440B4318A52D68006D21E1 /* friends@2x.png */,
				56440B4718A52D75006D21E1 /* friends.png */,
				56440B4918A52D79006D21E1 /* inbox@2x.png */,
				56440B4518A52D70006D21E1 /* inbox.png */,
			);
			name = Images;
			sourceTree = "<group>";
		};
/* End PBXGroup section */

/* Begin PBXNativeTarget section */
		56440B0E18A52AAE006D21E1 /* Imprint */ = {
			isa = PBXNativeTarget;
			buildConfigurationList = 56440B3B18A52AAE006D21E1 /* Build configuration list for PBXNativeTarget "Imprint" */;
			buildPhases = (
				56440B0B18A52AAE006D21E1 /* Sources */,
				56440B0C18A52AAE006D21E1 /* Frameworks */,
				56440B0D18A52AAE006D21E1 /* Resources */,
			);
			buildRules = (
			);
			dependencies = (
			);
			name = Imprint;
			productName = Imprint;
			productReference = 56440B0F18A52AAE006D21E1 /* Imprint.app */;
			productType = "com.apple.product-type.application";
		};
		56440B2918A52AAE006D21E1 /* ImprintTests */ = {
			isa = PBXNativeTarget;
			buildConfigurationList = 56440B3E18A52AAE006D21E1 /* Build configuration list for PBXNativeTarget "ImprintTests" */;
			buildPhases = (
				56440B2618A52AAE006D21E1 /* Sources */,
				56440B2718A52AAE006D21E1 /* Frameworks */,
				56440B2818A52AAE006D21E1 /* Resources */,
			);
			buildRules = (
			);
			dependencies = (
				56440B3018A52AAE006D21E1 /* PBXTargetDependency */,
			);
			name = ImprintTests;
			productName = ImprintTests;
			productReference = 56440B2A18A52AAE006D21E1 /* ImprintTests.xctest */;
			productType = "com.apple.product-type.bundle.unit-test";
		};
/* End PBXNativeTarget section */

/* Begin PBXProject section */
		56440B0718A52AAE006D21E1 /* Project object */ = {
			isa = PBXProject;
			attributes = {
				CLASSPREFIX = TM;
				LastUpgradeCheck = 0500;
				ORGANIZATIONNAME = "Tim McHale";
				TargetAttributes = {
					56440B2918A52AAE006D21E1 = {
						TestTargetID = 56440B0E18A52AAE006D21E1;
					};
				};
			};
			buildConfigurationList = 56440B0A18A52AAE006D21E1 /* Build configuration list for PBXProject "Imprint" */;
			compatibilityVersion = "Xcode 3.2";
			developmentRegion = English;
			hasScannedForEncodings = 0;
			knownRegions = (
				en,
				he,
			);
			mainGroup = 56440B0618A52AAE006D21E1;
			productRefGroup = 56440B1018A52AAE006D21E1 /* Products */;
			projectDirPath = "";
			projectRoot = "";
			targets = (
				56440B0E18A52AAE006D21E1 /* Imprint */,
				56440B2918A52AAE006D21E1 /* ImprintTests */,
			);
		};
/* End PBXProject section */

/* Begin PBXResourcesBuildPhase section */
		56440B0D18A52AAE006D21E1 /* Resources */ = {
			isa = PBXResourcesBuildPhase;
			buildActionMask = 2147483647;
			files = (
				56440B4A18A52D79006D21E1 /* inbox@2x.png in Resources */,
				56440B1D18A52AAE006D21E1 /* InfoPlist.strings in Resources */,
				56440B4818A52D75006D21E1 /* friends.png in Resources */,
				56440B4C18A52D7E006D21E1 /* camera@2x.png in Resources */,
				56440B4E18A52D8D006D21E1 /* camera.png in Resources */,
				56440B4618A52D70006D21E1 /* inbox.png in Resources */,
				56440B2518A52AAE006D21E1 /* Images.xcassets in Resources */,
				56440B4418A52D68006D21E1 /* friends@2x.png in Resources */,
				56440B4218A52AC5006D21E1 /* Storyboard.storyboard in Resources */,
			);
			runOnlyForDeploymentPostprocessing = 0;
		};
		56440B2818A52AAE006D21E1 /* Resources */ = {
			isa = PBXResourcesBuildPhase;
			buildActionMask = 2147483647;
			files = (
				56440B3618A52AAE006D21E1 /* InfoPlist.strings in Resources */,
			);
			runOnlyForDeploymentPostprocessing = 0;
		};
/* End PBXResourcesBuildPhase section */

/* Begin PBXSourcesBuildPhase section */
		56440B0B18A52AAE006D21E1 /* Sources */ = {
			isa = PBXSourcesBuildPhase;
			buildActionMask = 2147483647;
			files = (
				5693967218A6EECF001C7E0A /* FriendsViewController.m in Sources */,
				56440B7918A54D7B006D21E1 /* LoginViewController.m in Sources */,
				56440B7C18A54DC1006D21E1 /* SignUpViewController.m in Sources */,
				56440B1F18A52AAE006D21E1 /* main.m in Sources */,
				5693967518A6F105001C7E0A /* EditFriendsViewController.m in Sources */,
				56440B2318A52AAE006D21E1 /* TMAppDelegate.m in Sources */,
				56440B5218A537EA006D21E1 /* InboxViewController.m in Sources */,
			);
			runOnlyForDeploymentPostprocessing = 0;
		};
		56440B2618A52AAE006D21E1 /* Sources */ = {
			isa = PBXSourcesBuildPhase;
			buildActionMask = 2147483647;
			files = (
				56440B3818A52AAE006D21E1 /* ImprintTests.m in Sources */,
			);
			runOnlyForDeploymentPostprocessing = 0;
		};
/* End PBXSourcesBuildPhase section */

/* Begin PBXTargetDependency section */
		56440B3018A52AAE006D21E1 /* PBXTargetDependency */ = {
			isa = PBXTargetDependency;
			target = 56440B0E18A52AAE006D21E1 /* Imprint */;
			targetProxy = 56440B2F18A52AAE006D21E1 /* PBXContainerItemProxy */;
		};
/* End PBXTargetDependency section */

/* Begin PBXVariantGroup section */
		56440B1B18A52AAE006D21E1 /* InfoPlist.strings */ = {
			isa = PBXVariantGroup;
			children = (
				56440B1C18A52AAE006D21E1 /* en */,
			);
			name = InfoPlist.strings;
			sourceTree = "<group>";
		};
		56440B3418A52AAE006D21E1 /* InfoPlist.strings */ = {
			isa = PBXVariantGroup;
			children = (
				56440B3518A52AAE006D21E1 /* en */,
			);
			name = InfoPlist.strings;
			sourceTree = "<group>";
		};
/* End PBXVariantGroup section */

/* Begin XCBuildConfiguration section */
		56440B3918A52AAE006D21E1 /* Debug */ = {
			isa = XCBuildConfiguration;
			buildSettings = {
				ALWAYS_SEARCH_USER_PATHS = NO;
				ARCHS = "$(ARCHS_STANDARD_INCLUDING_64_BIT)";
				CLANG_CXX_LANGUAGE_STANDARD = "gnu++0x";
				CLANG_CXX_LIBRARY = "libc++";
				CLANG_ENABLE_MODULES = YES;
				CLANG_ENABLE_OBJC_ARC = YES;
				CLANG_WARN_BOOL_CONVERSION = YES;
				CLANG_WARN_CONSTANT_CONVERSION = YES;
				CLANG_WARN_DIRECT_OBJC_ISA_USAGE = YES_ERROR;
				CLANG_WARN_EMPTY_BODY = YES;
				CLANG_WARN_ENUM_CONVERSION = YES;
				CLANG_WARN_INT_CONVERSION = YES;
				CLANG_WARN_OBJC_ROOT_CLASS = YES_ERROR;
				CLANG_WARN__DUPLICATE_METHOD_MATCH = YES;
				"CODE_SIGN_IDENTITY[sdk=iphoneos*]" = "iPhone Developer";
				COPY_PHASE_STRIP = NO;
				GCC_C_LANGUAGE_STANDARD = gnu99;
				GCC_DYNAMIC_NO_PIC = NO;
				GCC_OPTIMIZATION_LEVEL = 0;
				GCC_PREPROCESSOR_DEFINITIONS = (
					"DEBUG=1",
					"$(inherited)",
				);
				GCC_SYMBOLS_PRIVATE_EXTERN = NO;
				GCC_WARN_64_TO_32_BIT_CONVERSION = YES;
				GCC_WARN_ABOUT_RETURN_TYPE = YES_ERROR;
				GCC_WARN_UNDECLARED_SELECTOR = YES;
				GCC_WARN_UNINITIALIZED_AUTOS = YES;
				GCC_WARN_UNUSED_FUNCTION = YES;
				GCC_WARN_UNUSED_VARIABLE = YES;
				IPHONEOS_DEPLOYMENT_TARGET = 7.0;
				ONLY_ACTIVE_ARCH = YES;
				SDKROOT = iphoneos;
			};
			name = Debug;
		};
		56440B3A18A52AAE006D21E1 /* Release */ = {
			isa = XCBuildConfiguration;
			buildSettings = {
				ALWAYS_SEARCH_USER_PATHS = NO;
				ARCHS = "$(ARCHS_STANDARD_INCLUDING_64_BIT)";
				CLANG_CXX_LANGUAGE_STANDARD = "gnu++0x";
				CLANG_CXX_LIBRARY = "libc++";
				CLANG_ENABLE_MODULES = YES;
				CLANG_ENABLE_OBJC_ARC = YES;
				CLANG_WARN_BOOL_CONVERSION = YES;
				CLANG_WARN_CONSTANT_CONVERSION = YES;
				CLANG_WARN_DIRECT_OBJC_ISA_USAGE = YES_ERROR;
				CLANG_WARN_EMPTY_BODY = YES;
				CLANG_WARN_ENUM_CONVERSION = YES;
				CLANG_WARN_INT_CONVERSION = YES;
				CLANG_WARN_OBJC_ROOT_CLASS = YES_ERROR;
				CLANG_WARN__DUPLICATE_METHOD_MATCH = YES;
				"CODE_SIGN_IDENTITY[sdk=iphoneos*]" = "iPhone Developer";
				COPY_PHASE_STRIP = YES;
				ENABLE_NS_ASSERTIONS = NO;
				GCC_C_LANGUAGE_STANDARD = gnu99;
				GCC_WARN_64_TO_32_BIT_CONVERSION = YES;
				GCC_WARN_ABOUT_RETURN_TYPE = YES_ERROR;
				GCC_WARN_UNDECLARED_SELECTOR = YES;
				GCC_WARN_UNINITIALIZED_AUTOS = YES;
				GCC_WARN_UNUSED_FUNCTION = YES;
				GCC_WARN_UNUSED_VARIABLE = YES;
				IPHONEOS_DEPLOYMENT_TARGET = 7.0;
				SDKROOT = iphoneos;
				VALIDATE_PRODUCT = YES;
			};
			name = Release;
		};
		56440B3C18A52AAE006D21E1 /* Debug */ = {
			isa = XCBuildConfiguration;
			buildSettings = {
				ASSETCATALOG_COMPILER_APPICON_NAME = AppIcon;
				ASSETCATALOG_COMPILER_LAUNCHIMAGE_NAME = LaunchImage;
				FRAMEWORK_SEARCH_PATHS = (
					"$(inherited)",
					/Users/timmchale/code/Imprint,
					/Users/timmchale/Desktop,
					/Users/timmchale/code/Imprint/FacebookSDK,
				);
				GCC_PRECOMPILE_PREFIX_HEADER = YES;
				GCC_PREFIX_HEADER = "Imprint/Imprint-Prefix.pch";
				INFOPLIST_FILE = "Imprint/Imprint-Info.plist";
				PRODUCT_NAME = "$(TARGET_NAME)";
				WRAPPER_EXTENSION = app;
			};
			name = Debug;
		};
		56440B3D18A52AAE006D21E1 /* Release */ = {
			isa = XCBuildConfiguration;
			buildSettings = {
				ASSETCATALOG_COMPILER_APPICON_NAME = AppIcon;
				ASSETCATALOG_COMPILER_LAUNCHIMAGE_NAME = LaunchImage;
				FRAMEWORK_SEARCH_PATHS = (
					"$(inherited)",
					/Users/timmchale/code/Imprint,
					/Users/timmchale/Desktop,
					/Users/timmchale/code/Imprint/FacebookSDK,
				);
				GCC_PRECOMPILE_PREFIX_HEADER = YES;
				GCC_PREFIX_HEADER = "Imprint/Imprint-Prefix.pch";
				INFOPLIST_FILE = "Imprint/Imprint-Info.plist";
				PRODUCT_NAME = "$(TARGET_NAME)";
				WRAPPER_EXTENSION = app;
			};
			name = Release;
		};
		56440B3F18A52AAE006D21E1 /* Debug */ = {
			isa = XCBuildConfiguration;
			buildSettings = {
				ARCHS = "$(ARCHS_STANDARD_INCLUDING_64_BIT)";
				BUNDLE_LOADER = "$(BUILT_PRODUCTS_DIR)/Imprint.app/Imprint";
				FRAMEWORK_SEARCH_PATHS = (
					"$(SDKROOT)/Developer/Library/Frameworks",
					"$(inherited)",
					"$(DEVELOPER_FRAMEWORKS_DIR)",
				);
				GCC_PRECOMPILE_PREFIX_HEADER = YES;
				GCC_PREFIX_HEADER = "Imprint/Imprint-Prefix.pch";
				GCC_PREPROCESSOR_DEFINITIONS = (
					"DEBUG=1",
					"$(inherited)",
				);
				INFOPLIST_FILE = "ImprintTests/ImprintTests-Info.plist";
				PRODUCT_NAME = "$(TARGET_NAME)";
				TEST_HOST = "$(BUNDLE_LOADER)";
				WRAPPER_EXTENSION = xctest;
			};
			name = Debug;
		};
		56440B4018A52AAE006D21E1 /* Release */ = {
			isa = XCBuildConfiguration;
			buildSettings = {
				ARCHS = "$(ARCHS_STANDARD_INCLUDING_64_BIT)";
				BUNDLE_LOADER = "$(BUILT_PRODUCTS_DIR)/Imprint.app/Imprint";
				FRAMEWORK_SEARCH_PATHS = (
					"$(SDKROOT)/Developer/Library/Frameworks",
					"$(inherited)",
					"$(DEVELOPER_FRAMEWORKS_DIR)",
				);
				GCC_PRECOMPILE_PREFIX_HEADER = YES;
				GCC_PREFIX_HEADER = "Imprint/Imprint-Prefix.pch";
				INFOPLIST_FILE = "ImprintTests/ImprintTests-Info.plist";
				PRODUCT_NAME = "$(TARGET_NAME)";
				TEST_HOST = "$(BUNDLE_LOADER)";
				WRAPPER_EXTENSION = xctest;
			};
			name = Release;
		};
/* End XCBuildConfiguration section */

/* Begin XCConfigurationList section */
		56440B0A18A52AAE006D21E1 /* Build configuration list for PBXProject "Imprint" */ = {
			isa = XCConfigurationList;
			buildConfigurations = (
				56440B3918A52AAE006D21E1 /* Debug */,
				56440B3A18A52AAE006D21E1 /* Release */,
			);
			defaultConfigurationIsVisible = 0;
			defaultConfigurationName = Release;
		};
		56440B3B18A52AAE006D21E1 /* Build configuration list for PBXNativeTarget "Imprint" */ = {
			isa = XCConfigurationList;
			buildConfigurations = (
				56440B3C18A52AAE006D21E1 /* Debug */,
				56440B3D18A52AAE006D21E1 /* Release */,
			);
			defaultConfigurationIsVisible = 0;
			defaultConfigurationName = Release;
		};
		56440B3E18A52AAE006D21E1 /* Build configuration list for PBXNativeTarget "ImprintTests" */ = {
			isa = XCConfigurationList;
			buildConfigurations = (
				56440B3F18A52AAE006D21E1 /* Debug */,
				56440B4018A52AAE006D21E1 /* Release */,
			);
			defaultConfigurationIsVisible = 0;
			defaultConfigurationName = Release;
		};
/* End XCConfigurationList section */
	};
	rootObject = 56440B0718A52AAE006D21E1 /* Project object */;
}
